// !$*UTF8*$!
{
	archiveVersion = 1;
	classes = {
	};
	objectVersion = 46;
	objects = {

/* Begin PBXBuildFile section */
		35C8CB721E6D637C007332EC /* main.m in Sources */ = {isa = PBXBuildFile; fileRef = 35C8CB711E6D637C007332EC /* main.m */; };
		35C8CB751E6D637C007332EC /* AppDelegate.m in Sources */ = {isa = PBXBuildFile; fileRef = 35C8CB741E6D637C007332EC /* AppDelegate.m */; };
		35C8CB7D1E6D637C007332EC /* Assets.xcassets in Resources */ = {isa = PBXBuildFile; fileRef = 35C8CB7C1E6D637C007332EC /* Assets.xcassets */; };
		35C8CB801E6D637C007332EC /* LaunchScreen.storyboard in Resources */ = {isa = PBXBuildFile; fileRef = 35C8CB7E1E6D637C007332EC /* LaunchScreen.storyboard */; };
		35C8CB8B1E6D637C007332EC /* QTHandleOrientationChangesTests.m in Sources */ = {isa = PBXBuildFile; fileRef = 35C8CB8A1E6D637C007332EC /* QTHandleOrientationChangesTests.m */; };
		35C8CB961E6D637C007332EC /* QTHandleOrientationChangesUITests.m in Sources */ = {isa = PBXBuildFile; fileRef = 35C8CB951E6D637C007332EC /* QTHandleOrientationChangesUITests.m */; };
		35C8CBA51E6D63F2007332EC /* QTViewController.m in Sources */ = {isa = PBXBuildFile; fileRef = 35C8CBA41E6D63F2007332EC /* QTViewController.m */; };
		8BAA699E6B7C296BF759F0B8 /* libPods-QTHandleOrientationChanges.a in Frameworks */ = {isa = PBXBuildFile; fileRef = 257EAC671BF820C24A9D7707 /* libPods-QTHandleOrientationChanges.a */; };
/* End PBXBuildFile section */

/* Begin PBXContainerItemProxy section */
		35C8CB871E6D637C007332EC /* PBXContainerItemProxy */ = {
			isa = PBXContainerItemProxy;
			containerPortal = 35C8CB651E6D637B007332EC /* Project object */;
			proxyType = 1;
			remoteGlobalIDString = 35C8CB6C1E6D637C007332EC;
			remoteInfo = QTHandleOrientationChanges;
		};
		35C8CB921E6D637C007332EC /* PBXContainerItemProxy */ = {
			isa = PBXContainerItemProxy;
			containerPortal = 35C8CB651E6D637B007332EC /* Project object */;
			proxyType = 1;
			remoteGlobalIDString = 35C8CB6C1E6D637C007332EC;
			remoteInfo = QTHandleOrientationChanges;
		};
/* End PBXContainerItemProxy section */

/* Begin PBXFileReference section */
		257EAC671BF820C24A9D7707 /* libPods-QTHandleOrientationChanges.a */ = {isa = PBXFileReference; explicitFileType = archive.ar; includeInIndex = 0; path = "libPods-QTHandleOrientationChanges.a"; sourceTree = BUILT_PRODUCTS_DIR; };
		35C8CB6D1E6D637C007332EC /* QTHandleOrientationChanges.app */ = {isa = PBXFileReference; explicitFileType = wrapper.application; includeInIndex = 0; path = QTHandleOrientationChanges.app; sourceTree = BUILT_PRODUCTS_DIR; };
		35C8CB711E6D637C007332EC /* main.m */ = {isa = PBXFileReference; lastKnownFileType = sourcecode.c.objc; path = main.m; sourceTree = "<group>"; };
		35C8CB731E6D637C007332EC /* AppDelegate.h */ = {isa = PBXFileReference; lastKnownFileType = sourcecode.c.h; path = AppDelegate.h; sourceTree = "<group>"; };
		35C8CB741E6D637C007332EC /* AppDelegate.m */ = {isa = PBXFileReference; lastKnownFileType = sourcecode.c.objc; path = AppDelegate.m; sourceTree = "<group>"; };
		35C8CB7C1E6D637C007332EC /* Assets.xcassets */ = {isa = PBXFileReference; lastKnownFileType = folder.assetcatalog; path = Assets.xcassets; sourceTree = "<group>"; };
		35C8CB7F1E6D637C007332EC /* Base */ = {isa = PBXFileReference; lastKnownFileType = file.storyboard; name = Base; path = Base.lproj/LaunchScreen.storyboard; sourceTree = "<group>"; };
		35C8CB811E6D637C007332EC /* Info.plist */ = {isa = PBXFileReference; lastKnownFileType = text.plist.xml; path = Info.plist; sourceTree = "<group>"; };
		35C8CB861E6D637C007332EC /* QTHandleOrientationChangesTests.xctest */ = {isa = PBXFileReference; explicitFileType = wrapper.cfbundle; includeInIndex = 0; path = QTHandleOrientationChangesTests.xctest; sourceTree = BUILT_PRODUCTS_DIR; };
		35C8CB8A1E6D637C007332EC /* QTHandleOrientationChangesTests.m */ = {isa = PBXFileReference; lastKnownFileType = sourcecode.c.objc; path = QTHandleOrientationChangesTests.m; sourceTree = "<group>"; };
		35C8CB8C1E6D637C007332EC /* Info.plist */ = {isa = PBXFileReference; lastKnownFileType = text.plist.xml; path = Info.plist; sourceTree = "<group>"; };
		35C8CB911E6D637C007332EC /* QTHandleOrientationChangesUITests.xctest */ = {isa = PBXFileReference; explicitFileType = wrapper.cfbundle; includeInIndex = 0; path = QTHandleOrientationChangesUITests.xctest; sourceTree = BUILT_PRODUCTS_DIR; };
		35C8CB951E6D637C007332EC /* QTHandleOrientationChangesUITests.m */ = {isa = PBXFileReference; lastKnownFileType = sourcecode.c.objc; path = QTHandleOrientationChangesUITests.m; sourceTree = "<group>"; };
		35C8CB971E6D637C007332EC /* Info.plist */ = {isa = PBXFileReference; lastKnownFileType = text.plist.xml; path = Info.plist; sourceTree = "<group>"; };
		35C8CBA31E6D63F2007332EC /* QTViewController.h */ = {isa = PBXFileReference; fileEncoding = 4; lastKnownFileType = sourcecode.c.h; name = QTViewController.h; path = ../QTViewController.h; sourceTree = "<group>"; };
		35C8CBA41E6D63F2007332EC /* QTViewController.m */ = {isa = PBXFileReference; fileEncoding = 4; lastKnownFileType = sourcecode.c.objc; name = QTViewController.m; path = ../QTViewController.m; sourceTree = "<group>"; };
		53115E5BD4D5B44053106535 /* Pods-QTHandleOrientationChanges.release.xcconfig */ = {isa = PBXFileReference; includeInIndex = 1; lastKnownFileType = text.xcconfig; name = "Pods-QTHandleOrientationChanges.release.xcconfig"; path = "Pods/Target Support Files/Pods-QTHandleOrientationChanges/Pods-QTHandleOrientationChanges.release.xcconfig"; sourceTree = "<group>"; };
		ECF04366E0AA8EFD964ABD81 /* Pods-QTHandleOrientationChanges.debug.xcconfig */ = {isa = PBXFileReference; includeInIndex = 1; lastKnownFileType = text.xcconfig; name = "Pods-QTHandleOrientationChanges.debug.xcconfig"; path = "Pods/Target Support Files/Pods-QTHandleOrientationChanges/Pods-QTHandleOrientationChanges.debug.xcconfig"; sourceTree = "<group>"; };
/* End PBXFileReference section */

/* Begin PBXFrameworksBuildPhase section */
		35C8CB6A1E6D637C007332EC /* Frameworks */ = {
			isa = PBXFrameworksBuildPhase;
			buildActionMask = 2147483647;
			files = (
				8BAA699E6B7C296BF759F0B8 /* libPods-QTHandleOrientationChanges.a in Frameworks */,
			);
			runOnlyForDeploymentPostprocessing = 0;
		};
		35C8CB831E6D637C007332EC /* Frameworks */ = {
			isa = PBXFrameworksBuildPhase;
			buildActionMask = 2147483647;
			files = (
			);
			runOnlyForDeploymentPostprocessing = 0;
		};
		35C8CB8E1E6D637C007332EC /* Frameworks */ = {
			isa = PBXFrameworksBuildPhase;
			buildActionMask = 2147483647;
			files = (
			);
			runOnlyForDeploymentPostprocessing = 0;
		};
/* End PBXFrameworksBuildPhase section */

/* Begin PBXGroup section */
		27F33269E2A4DAFF9CAFE194 /* Pods */ = {
			isa = PBXGroup;
			children = (
				ECF04366E0AA8EFD964ABD81 /* Pods-QTHandleOrientationChanges.debug.xcconfig */,
				53115E5BD4D5B44053106535 /* Pods-QTHandleOrientationChanges.release.xcconfig */,
			);
			name = Pods;
			sourceTree = "<group>";
		};
		35C8CB641E6D637B007332EC = {
			isa = PBXGroup;
			children = (
				35C8CB6F1E6D637C007332EC /* QTHandleOrientationChanges */,
				35C8CB891E6D637C007332EC /* QTHandleOrientationChangesTests */,
				35C8CB941E6D637C007332EC /* QTHandleOrientationChangesUITests */,
				35C8CB6E1E6D637C007332EC /* Products */,
				27F33269E2A4DAFF9CAFE194 /* Pods */,
				E6BD4EA1A0C4F1C15C77FF25 /* Frameworks */,
			);
			sourceTree = "<group>";
		};
		35C8CB6E1E6D637C007332EC /* Products */ = {
			isa = PBXGroup;
			children = (
				35C8CB6D1E6D637C007332EC /* QTHandleOrientationChanges.app */,
				35C8CB861E6D637C007332EC /* QTHandleOrientationChangesTests.xctest */,
				35C8CB911E6D637C007332EC /* QTHandleOrientationChangesUITests.xctest */,
			);
			name = Products;
			sourceTree = "<group>";
		};
		35C8CB6F1E6D637C007332EC /* QTHandleOrientationChanges */ = {
			isa = PBXGroup;
			children = (
				35C8CB731E6D637C007332EC /* AppDelegate.h */,
				35C8CB741E6D637C007332EC /* AppDelegate.m */,
				35C8CBA31E6D63F2007332EC /* QTViewController.h */,
				35C8CBA41E6D63F2007332EC /* QTViewController.m */,
				35C8CB7C1E6D637C007332EC /* Assets.xcassets */,
				35C8CB7E1E6D637C007332EC /* LaunchScreen.storyboard */,
				35C8CB811E6D637C007332EC /* Info.plist */,
				35C8CB701E6D637C007332EC /* Supporting Files */,
			);
			path = QTHandleOrientationChanges;
			sourceTree = "<group>";
		};
		35C8CB701E6D637C007332EC /* Supporting Files */ = {
			isa = PBXGroup;
			children = (
				35C8CB711E6D637C007332EC /* main.m */,
			);
			name = "Supporting Files";
			sourceTree = "<group>";
		};
		35C8CB891E6D637C007332EC /* QTHandleOrientationChangesTests */ = {
			isa = PBXGroup;
			children = (
				35C8CB8A1E6D637C007332EC /* QTHandleOrientationChangesTests.m */,
				35C8CB8C1E6D637C007332EC /* Info.plist */,
			);
			path = QTHandleOrientationChangesTests;
			sourceTree = "<group>";
		};
		35C8CB941E6D637C007332EC /* QTHandleOrientationChangesUITests */ = {
			isa = PBXGroup;
			children = (
				35C8CB951E6D637C007332EC /* QTHandleOrientationChangesUITests.m */,
				35C8CB971E6D637C007332EC /* Info.plist */,
			);
			path = QTHandleOrientationChangesUITests;
			sourceTree = "<group>";
		};
		E6BD4EA1A0C4F1C15C77FF25 /* Frameworks */ = {
			isa = PBXGroup;
			children = (
				257EAC671BF820C24A9D7707 /* libPods-QTHandleOrientationChanges.a */,
			);
			name = Frameworks;
			sourceTree = "<group>";
		};
/* End PBXGroup section */

/* Begin PBXNativeTarget section */
		35C8CB6C1E6D637C007332EC /* QTHandleOrientationChanges */ = {
			isa = PBXNativeTarget;
			buildConfigurationList = 35C8CB9A1E6D637C007332EC /* Build configuration list for PBXNativeTarget "QTHandleOrientationChanges" */;
			buildPhases = (
				320C336A0B9B9C72C6A943E8 /* Check Pods Manifest.lock */,
				35C8CB691E6D637C007332EC /* Sources */,
				35C8CB6A1E6D637C007332EC /* Frameworks */,
				35C8CB6B1E6D637C007332EC /* Resources */,
				D97B801C0859949632B4A4B2 /* Embed Pods Frameworks */,
				DF9D12FBDA227139FBB157F0 /* Copy Pods Resources */,
			);
			buildRules = (
			);
			dependencies = (
			);
			name = QTHandleOrientationChanges;
			productName = QTHandleOrientationChanges;
			productReference = 35C8CB6D1E6D637C007332EC /* QTHandleOrientationChanges.app */;
			productType = "com.apple.product-type.application";
		};
		35C8CB851E6D637C007332EC /* QTHandleOrientationChangesTests */ = {
			isa = PBXNativeTarget;
			buildConfigurationList = 35C8CB9D1E6D637C007332EC /* Build configuration list for PBXNativeTarget "QTHandleOrientationChangesTests" */;
			buildPhases = (
				35C8CB821E6D637C007332EC /* Sources */,
				35C8CB831E6D637C007332EC /* Frameworks */,
				35C8CB841E6D637C007332EC /* Resources */,
			);
			buildRules = (
			);
			dependencies = (
				35C8CB881E6D637C007332EC /* PBXTargetDependency */,
			);
			name = QTHandleOrientationChangesTests;
			productName = QTHandleOrientationChangesTests;
			productReference = 35C8CB861E6D637C007332EC /* QTHandleOrientationChangesTests.xctest */;
			productType = "com.apple.product-type.bundle.unit-test";
		};
		35C8CB901E6D637C007332EC /* QTHandleOrientationChangesUITests */ = {
			isa = PBXNativeTarget;
			buildConfigurationList = 35C8CBA01E6D637C007332EC /* Build configuration list for PBXNativeTarget "QTHandleOrientationChangesUITests" */;
			buildPhases = (
				35C8CB8D1E6D637C007332EC /* Sources */,
				35C8CB8E1E6D637C007332EC /* Frameworks */,
				35C8CB8F1E6D637C007332EC /* Resources */,
			);
			buildRules = (
			);
			dependencies = (
				35C8CB931E6D637C007332EC /* PBXTargetDependency */,
			);
			name = QTHandleOrientationChangesUITests;
			productName = QTHandleOrientationChangesUITests;
			productReference = 35C8CB911E6D637C007332EC /* QTHandleOrientationChangesUITests.xctest */;
			productType = "com.apple.product-type.bundle.ui-testing";
		};
/* End PBXNativeTarget section */

/* Begin PBXProject section */
		35C8CB651E6D637B007332EC /* Project object */ = {
			isa = PBXProject;
			attributes = {
				LastUpgradeCheck = 0800;
				ORGANIZATIONNAME = Tang;
				TargetAttributes = {
					35C8CB6C1E6D637C007332EC = {
						CreatedOnToolsVersion = 8.0;
						DevelopmentTeam = 4725AZSKC6;
						ProvisioningStyle = Automatic;
					};
					35C8CB851E6D637C007332EC = {
						CreatedOnToolsVersion = 8.0;
						ProvisioningStyle = Automatic;
						TestTargetID = 35C8CB6C1E6D637C007332EC;
					};
					35C8CB901E6D637C007332EC = {
						CreatedOnToolsVersion = 8.0;
						ProvisioningStyle = Automatic;
						TestTargetID = 35C8CB6C1E6D637C007332EC;
					};
				};
			};
			buildConfigurationList = 35C8CB681E6D637B007332EC /* Build configuration list for PBXProject "QTHandleOrientationChanges" */;
			compatibilityVersion = "Xcode 3.2";
			developmentRegion = English;
			hasScannedForEncodings = 0;
			knownRegions = (
				en,
				Base,
			);
			mainGroup = 35C8CB641E6D637B007332EC;
			productRefGroup = 35C8CB6E1E6D637C007332EC /* Products */;
			projectDirPath = "";
			projectRoot = "";
			targets = (
				35C8CB6C1E6D637C007332EC /* QTHandleOrientationChanges */,
				35C8CB851E6D637C007332EC /* QTHandleOrientationChangesTests */,
				35C8CB901E6D637C007332EC /* QTHandleOrientationChangesUITests */,
			);
		};
/* End PBXProject section */

/* Begin PBXResourcesBuildPhase section */
		35C8CB6B1E6D637C007332EC /* Resources */ = {
			isa = PBXResourcesBuildPhase;
			buildActionMask = 2147483647;
			files = (
				35C8CB801E6D637C007332EC /* LaunchScreen.storyboard in Resources */,
				35C8CB7D1E6D637C007332EC /* Assets.xcassets in Resources */,
			);
			runOnlyForDeploymentPostprocessing = 0;
		};
		35C8CB841E6D637C007332EC /* Resources */ = {
			isa = PBXResourcesBuildPhase;
			buildActionMask = 2147483647;
			files = (
			);
			runOnlyForDeploymentPostprocessing = 0;
		};
		35C8CB8F1E6D637C007332EC /* Resources */ = {
			isa = PBXResourcesBuildPhase;
			buildActionMask = 2147483647;
			files = (
			);
			runOnlyForDeploymentPostprocessing = 0;
		};
/* End PBXResourcesBuildPhase section */

/* Begin PBXShellScriptBuildPhase section */
		320C336A0B9B9C72C6A943E8 /* Check Pods Manifest.lock */ = {
			isa = PBXShellScriptBuildPhase;
			buildActionMask = 2147483647;
			files = (
			);
			inputPaths = (
			);
			name = "Check Pods Manifest.lock";
			outputPaths = (
			);
			runOnlyForDeploymentPostprocessing = 0;
			shellPath = /bin/sh;
			shellScript = "diff \"${PODS_ROOT}/../Podfile.lock\" \"${PODS_ROOT}/Manifest.lock\" > /dev/null\nif [[ $? != 0 ]] ; then\n    cat << EOM\nerror: The sandbox is not in sync with the Podfile.lock. Run 'pod install' or update your CocoaPods installation.\nEOM\n    exit 1\nfi\n";
			showEnvVarsInLog = 0;
		};
		D97B801C0859949632B4A4B2 /* Embed Pods Frameworks */ = {
			isa = PBXShellScriptBuildPhase;
			buildActionMask = 2147483647;
			files = (
			);
			inputPaths = (
			);
			name = "Embed Pods Frameworks";
			outputPaths = (
			);
			runOnlyForDeploymentPostprocessing = 0;
			shellPath = /bin/sh;
			shellScript = "\"${SRCROOT}/Pods/Target Support Files/Pods-QTHandleOrientationChanges/Pods-QTHandleOrientationChanges-frameworks.sh\"\n";
			showEnvVarsInLog = 0;
		};
		DF9D12FBDA227139FBB157F0 /* Copy Pods Resources */ = {
			isa = PBXShellScriptBuildPhase;
			buildActionMask = 2147483647;
			files = (
			);
			inputPaths = (
			);
			name = "Copy Pods Resources";
			outputPaths = (
			);
			runOnlyForDeploymentPostprocessing = 0;
			shellPath = /bin/sh;
			shellScript = "\"${SRCROOT}/Pods/Target Support Files/Pods-QTHandleOrientationChanges/Pods-QTHandleOrientationChanges-resources.sh\"\n";
			showEnvVarsInLog = 0;
		};
/* End PBXShellScriptBuildPhase section */

/* Begin PBXSourcesBuildPhase section */
		35C8CB691E6D637C007332EC /* Sources */ = {
			isa = PBXSourcesBuildPhase;
			buildActionMask = 2147483647;
			files = (
				35C8CBA51E6D63F2007332EC /* QTViewController.m in Sources */,
				35C8CB751E6D637C007332EC /* AppDelegate.m in Sources */,
				35C8CB721E6D637C007332EC /* main.m in Sources */,
			);
			runOnlyForDeploymentPostprocessing = 0;
		};
		35C8CB821E6D637C007332EC /* Sources */ = {
			isa = PBXSourcesBuildPhase;
			buildActionMask = 2147483647;
			files = (
				35C8CB8B1E6D637C007332EC /* QTHandleOrientationChangesTests.m in Sources */,
			);
			runOnlyForDeploymentPostprocessing = 0;
		};
		35C8CB8D1E6D637C007332EC /* Sources */ = {
			isa = PBXSourcesBuildPhase;
			buildActionMask = 2147483647;
			files = (
				35C8CB961E6D637C007332EC /* QTHandleOrientationChangesUITests.m in Sources */,
			);
			runOnlyForDeploymentPostprocessing = 0;
		};
/* End PBXSourcesBuildPhase section */

/* Begin PBXTargetDependency section */
		35C8CB881E6D637C007332EC /* PBXTargetDependency */ = {
			isa = PBXTargetDependency;
			target = 35C8CB6C1E6D637C007332EC /* QTHandleOrientationChanges */;
			targetProxy = 35C8CB871E6D637C007332EC /* PBXContainerItemProxy */;
		};
		35C8CB931E6D637C007332EC /* PBXTargetDependency */ = {
			isa = PBXTargetDependency;
			target = 35C8CB6C1E6D637C007332EC /* QTHandleOrientationChanges */;
			targetProxy = 35C8CB921E6D637C007332EC /* PBXContainerItemProxy */;
		};
/* End PBXTargetDependency section */

/* Begin PBXVariantGroup section */
		35C8CB7E1E6D637C007332EC /* LaunchScreen.storyboard */ = {
			isa = PBXVariantGroup;
			children = (
				35C8CB7F1E6D637C007332EC /* Base */,
			);
			name = LaunchScreen.storyboard;
			sourceTree = "<group>";
		};
/* End PBXVariantGroup section */

/* Begin XCBuildConfiguration section */
		35C8CB981E6D637C007332EC /* Debug */ = {
			isa = XCBuildConfiguration;
			buildSettings = {
				ALWAYS_SEARCH_USER_PATHS = NO;
				CLANG_ANALYZER_NONNULL = YES;
				CLANG_CXX_LANGUAGE_STANDARD = "gnu++0x";
				CLANG_CXX_LIBRARY = "libc++";
				CLANG_ENABLE_MODULES = YES;
				CLANG_ENABLE_OBJC_ARC = YES;
				CLANG_WARN_BOOL_CONVERSION = YES;
				CLANG_WARN_CONSTANT_CONVERSION = YES;
				CLANG_WARN_DIRECT_OBJC_ISA_USAGE = YES_ERROR;
				CLANG_WARN_DOCUMENTATION_COMMENTS = YES;
				CLANG_WARN_EMPTY_BODY = YES;
				CLANG_WARN_ENUM_CONVERSION = YES;
				CLANG_WARN_INFINITE_RECURSION = YES;
				CLANG_WARN_INT_CONVERSION = YES;
				CLANG_WARN_OBJC_ROOT_CLASS = YES_ERROR;
				CLANG_WARN_SUSPICIOUS_MOVES = YES;
				CLANG_WARN_UNREACHABLE_CODE = YES;
				CLANG_WARN__DUPLICATE_METHOD_MATCH = YES;
				"CODE_SIGN_IDENTITY[sdk=iphoneos*]" = "iPhone Developer";
				COPY_PHASE_STRIP = NO;
				DEBUG_INFORMATION_FORMAT = dwarf;
				ENABLE_STRICT_OBJC_MSGSEND = YES;
				ENABLE_TESTABILITY = YES;
				GCC_C_LANGUAGE_STANDARD = gnu99;
				GCC_DYNAMIC_NO_PIC = NO;
				GCC_NO_COMMON_BLOCKS = YES;
				GCC_OPTIMIZATION_LEVEL = 0;
				GCC_PREPROCESSOR_DEFINITIONS = (
					"DEBUG=1",
					"$(inherited)",
				);
				GCC_WARN_64_TO_32_BIT_CONVERSION = YES;
				GCC_WARN_ABOUT_RETURN_TYPE = YES_ERROR;
				GCC_WARN_UNDECLARED_SELECTOR = YES;
				GCC_WARN_UNINITIALIZED_AUTOS = YES_AGGRESSIVE;
				GCC_WARN_UNUSED_FUNCTION = YES;
				GCC_WARN_UNUSED_VARIABLE = YES;
				IPHONEOS_DEPLOYMENT_TARGET = 10.0;
				MTL_ENABLE_DEBUG_INFO = YES;
				ONLY_ACTIVE_ARCH = YES;
				SDKROOT = iphoneos;
			};
			name = Debug;
		};
		35C8CB991E6D637C007332EC /* Release */ = {
			isa = XCBuildConfiguration;
			buildSettings = {
				ALWAYS_SEARCH_USER_PATHS = NO;
				CLANG_ANALYZER_NONNULL = YES;
				CLANG_CXX_LANGUAGE_STANDARD = "gnu++0x";
				CLANG_CXX_LIBRARY = "libc++";
				CLANG_ENABLE_MODULES = YES;
				CLANG_ENABLE_OBJC_ARC = YES;
				CLANG_WARN_BOOL_CONVERSION = YES;
				CLANG_WARN_CONSTANT_CONVERSION = YES;
				CLANG_WARN_DIRECT_OBJC_ISA_USAGE = YES_ERROR;
				CLANG_WARN_DOCUMENTATION_COMMENTS = YES;
				CLANG_WARN_EMPTY_BODY = YES;
				CLANG_WARN_ENUM_CONVERSION = YES;
				CLANG_WARN_INFINITE_RECURSION = YES;
				CLANG_WARN_INT_CONVERSION = YES;
				CLANG_WARN_OBJC_ROOT_CLASS = YES_ERROR;
				CLANG_WARN_SUSPICIOUS_MOVES = YES;
				CLANG_WARN_UNREACHABLE_CODE = YES;
				CLANG_WARN__DUPLICATE_METHOD_MATCH = YES;
				"CODE_SIGN_IDENTITY[sdk=iphoneos*]" = "iPhone Developer";
				COPY_PHASE_STRIP = NO;
				DEBUG_INFORMATION_FORMAT = "dwarf-with-dsym";
				ENABLE_NS_ASSERTIONS = NO;
				ENABLE_STRICT_OBJC_MSGSEND = YES;
				GCC_C_LANGUAGE_STANDARD = gnu99;
				GCC_NO_COMMON_BLOCKS = YES;
				GCC_WARN_64_TO_32_BIT_CONVERSION = YES;
				GCC_WARN_ABOUT_RETURN_TYPE = YES_ERROR;
				GCC_WARN_UNDECLARED_SELECTOR = YES;
				GCC_WARN_UNINITIALIZED_AUTOS = YES_AGGRESSIVE;
				GCC_WARN_UNUSED_FUNCTION = YES;
				GCC_WARN_UNUSED_VARIABLE = YES;
				IPHONEOS_DEPLOYMENT_TARGET = 10.0;
				MTL_ENABLE_DEBUG_INFO = NO;
				SDKROOT = iphoneos;
				VALIDATE_PRODUCT = YES;
			};
			name = Release;
		};
		35C8CB9B1E6D637C007332EC /* Debug */ = {
			isa = XCBuildConfiguration;
			baseConfigurationReference = ECF04366E0AA8EFD964ABD81 /* Pods-QTHandleOrientationChanges.debug.xcconfig */;
			buildSettings = {
				ASSETCATALOG_COMPILER_APPICON_NAME = AppIcon;
				DEVELOPMENT_TEAM = 4725AZSKC6;
				INFOPLIST_FILE = QTHandleOrientationChanges/Info.plist;
				LD_RUNPATH_SEARCH_PATHS = "$(inherited) @executable_path/Frameworks";
				PRODUCT_BUNDLE_IDENTIFIER = me.itangqi.QTHandleOrientationChanges;
				PRODUCT_NAME = "$(TARGET_NAME)";
			};
			name = Debug;
		};
		35C8CB9C1E6D637C007332EC /* Release */ = {
			isa = XCBuildConfiguration;
			baseConfigurationReference = 53115E5BD4D5B44053106535 /* Pods-QTHandleOrientationChanges.release.xcconfig */;
			buildSettings = {
				ASSETCATALOG_COMPILER_APPICON_NAME = AppIcon;
				DEVELOPMENT_TEAM = 4725AZSKC6;
				INFOPLIST_FILE = QTHandleOrientationChanges/Info.plist;
				LD_RUNPATH_SEARCH_PATHS = "$(inherited) @executable_path/Frameworks";
				PRODUCT_BUNDLE_IDENTIFIER = me.itangqi.QTHandleOrientationChanges;
				PRODUCT_NAME = "$(TARGET_NAME)";
			};
			name = Release;
		};
		35C8CB9E1E6D637C007332EC /* Debug */ = {
			isa = XCBuildConfiguration;
			buildSettings = {
				BUNDLE_LOADER = "$(TEST_HOST)";
				INFOPLIST_FILE = QTHandleOrientationChangesTests/Info.plist;
				LD_RUNPATH_SEARCH_PATHS = "$(inherited) @executable_path/Frameworks @loader_path/Frameworks";
				PRODUCT_BUNDLE_IDENTIFIER = me.itangqi.QTHandleOrientationChangesTests;
				PRODUCT_NAME = "$(TARGET_NAME)";
				TEST_HOST = "$(BUILT_PRODUCTS_DIR)/QTHandleOrientationChanges.app/QTHandleOrientationChanges";
			};
			name = Debug;
		};
		35C8CB9F1E6D637C007332EC /* Release */ = {
			isa = XCBuildConfiguration;
			buildSettings = {
				BUNDLE_LOADER = "$(TEST_HOST)";
				INFOPLIST_FILE = QTHandleOrientationChangesTests/Info.plist;
				LD_RUNPATH_SEARCH_PATHS = "$(inherited) @executable_path/Frameworks @loader_path/Frameworks";
				PRODUCT_BUNDLE_IDENTIFIER = me.itangqi.QTHandleOrientationChangesTests;
				PRODUCT_NAME = "$(TARGET_NAME)";
				TEST_HOST = "$(BUILT_PRODUCTS_DIR)/QTHandleOrientationChanges.app/QTHandleOrientationChanges";
			};
			name = Release;
		};
		35C8CBA11E6D637C007332EC /* Debug */ = {
			isa = XCBuildConfiguration;
			buildSettings = {
				INFOPLIST_FILE = QTHandleOrientationChangesUITests/Info.plist;
				LD_RUNPATH_SEARCH_PATHS = "$(inherited) @executable_path/Frameworks @loader_path/Frameworks";
				PRODUCT_BUNDLE_IDENTIFIER = me.itangqi.QTHandleOrientationChangesUITests;
				PRODUCT_NAME = "$(TARGET_NAME)";
				TEST_TARGET_NAME = QTHandleOrientationChanges;
			};
			name = Debug;
		};
		35C8CBA21E6D637C007332EC /* Release */ = {
			isa = XCBuildConfiguration;
			buildSettings = {
				INFOPLIST_FILE = QTHandleOrientationChangesUITests/Info.plist;
				LD_RUNPATH_SEARCH_PATHS = "$(inherited) @executable_path/Frameworks @loader_path/Frameworks";
				PRODUCT_BUNDLE_IDENTIFIER = me.itangqi.QTHandleOrientationChangesUITests;
				PRODUCT_NAME = "$(TARGET_NAME)";
				TEST_TARGET_NAME = QTHandleOrientationChanges;
			};
			name = Release;
		};
/* End XCBuildConfiguration section */

/* Begin XCConfigurationList section */
		35C8CB681E6D637B007332EC /* Build configuration list for PBXProject "QTHandleOrientationChanges" */ = {
			isa = XCConfigurationList;
			buildConfigurations = (
				35C8CB981E6D637C007332EC /* Debug */,
				35C8CB991E6D637C007332EC /* Release */,
			);
			defaultConfigurationIsVisible = 0;
			defaultConfigurationName = Release;
		};
		35C8CB9A1E6D637C007332EC /* Build configuration list for PBXNativeTarget "QTHandleOrientationChanges" */ = {
			isa = XCConfigurationList;
			buildConfigurations = (
				35C8CB9B1E6D637C007332EC /* Debug */,
				35C8CB9C1E6D637C007332EC /* Release */,
			);
			defaultConfigurationIsVisible = 0;
			defaultConfigurationName = Release;
		};
		35C8CB9D1E6D637C007332EC /* Build configuration list for PBXNativeTarget "QTHandleOrientationChangesTests" */ = {
			isa = XCConfigurationList;
			buildConfigurations = (
				35C8CB9E1E6D637C007332EC /* Debug */,
				35C8CB9F1E6D637C007332EC /* Release */,
			);
			defaultConfigurationIsVisible = 0;
			defaultConfigurationName = Release;
		};
		35C8CBA01E6D637C007332EC /* Build configuration list for PBXNativeTarget "QTHandleOrientationChangesUITests" */ = {
			isa = XCConfigurationList;
			buildConfigurations = (
				35C8CBA11E6D637C007332EC /* Debug */,
				35C8CBA21E6D637C007332EC /* Release */,
			);
			defaultConfigurationIsVisible = 0;
			defaultConfigurationName = Release;
		};
/* End XCConfigurationList section */
	};
	rootObject = 35C8CB651E6D637B007332EC /* Project object */;
}
